
Microsoft Visual Studio Solution File, Format Version 12.00
# Visual Studio Version 17
VisualStudioVersion = 17.9.34622.214
MinimumVisualStudioVersion = 10.0.40219.1
Project("{FAE04EC0-301F-11D3-BF4B-00C04F79EFBC}") = "MedicalConsultation.API", "MedicalConsultation.API\MedicalConsultation.API.csproj", "{66DCE759-842C-40A3-8C77-33E75C01B4E3}"
EndProject
Project("{FAE04EC0-301F-11D3-BF4B-00C04F79EFBC}") = "MedicalConsultation.Model", "MedicalConsultation.Model\MedicalConsultation.Model.csproj", "{0FD73B96-AB3D-4F61-976A-F0E7D36C09A9}"
EndProject
Project("{FAE04EC0-301F-11D3-BF4B-00C04F79EFBC}") = "MedicalConsultation.Service", "MedicalConsultation.Service\MedicalConsultation.Service.csproj", "{A5DD104E-4357-479A-9BEB-EB53BDF24E71}"
EndProject
Project("{FAE04EC0-301F-11D3-BF4B-00C04F79EFBC}") = "MedicalConsultation.Repository", "MedicalConsultation.Repository\MedicalConsultation.Repository.csproj", "{E3CDC5DD-1F32-430C-AABF-6833B7D9C2A3}"
EndProject
Global
	GlobalSection(SolutionConfigurationPlatforms) = preSolution
		Debug|Any CPU = Debug|Any CPU
		Release|Any CPU = Release|Any CPU
	EndGlobalSection
	GlobalSection(ProjectConfigurationPlatforms) = postSolution
		{66DCE759-842C-40A3-8C77-33E75C01B4E3}.Debug|Any CPU.ActiveCfg = Debug|Any CPU
		{66DCE759-842C-40A3-8C77-33E75C01B4E3}.Debug|Any CPU.Build.0 = Debug|Any CPU
		{66DCE759-842C-40A3-8C77-33E75C01B4E3}.Release|Any CPU.ActiveCfg = Release|Any CPU
		{66DCE759-842C-40A3-8C77-33E75C01B4E3}.Release|Any CPU.Build.0 = Release|Any CPU
		{0FD73B96-AB3D-4F61-976A-F0E7D36C09A9}.Debug|Any CPU.ActiveCfg = Debug|Any CPU
		{0FD73B96-AB3D-4F61-976A-F0E7D36C09A9}.Debug|Any CPU.Build.0 = Debug|Any CPU
		{0FD73B96-AB3D-4F61-976A-F0E7D36C09A9}.Release|Any CPU.ActiveCfg = Release|Any CPU
		{0FD73B96-AB3D-4F61-976A-F0E7D36C09A9}.Release|Any CPU.Build.0 = Release|Any CPU
		{A5DD104E-4357-479A-9BEB-EB53BDF24E71}.Debug|Any CPU.ActiveCfg = Debug|Any CPU
		{A5DD104E-4357-479A-9BEB-EB53BDF24E71}.Debug|Any CPU.Build.0 = Debug|Any CPU
		{A5DD104E-4357-479A-9BEB-EB53BDF24E71}.Release|Any CPU.ActiveCfg = Release|Any CPU
		{A5DD104E-4357-479A-9BEB-EB53BDF24E71}.Release|Any CPU.Build.0 = Release|Any CPU
		{E3CDC5DD-1F32-430C-AABF-6833B7D9C2A3}.Debug|Any CPU.ActiveCfg = Debug|Any CPU
		{E3CDC5DD-1F32-430C-AABF-6833B7D9C2A3}.Debug|Any CPU.Build.0 = Debug|Any CPU
		{E3CDC5DD-1F32-430C-AABF-6833B7D9C2A3}.Release|Any CPU.ActiveCfg = Release|Any CPU
		{E3CDC5DD-1F32-430C-AABF-6833B7D9C2A3}.Release|Any CPU.Build.0 = Release|Any CPU
	EndGlobalSection
	GlobalSection(SolutionProperties) = preSolution
		HideSolutionNode = FALSE
	EndGlobalSection
	GlobalSection(ExtensibilityGlobals) = postSolution
		SolutionGuid = {10D7F917-C8CB-4E7F-8DF6-9D01D3CDE1AD}
	EndGlobalSection
EndGlobal
